
Microsoft Visual Studio Solution File, Format Version 12.00
# Visual Studio Version 17
VisualStudioVersion = 17.0.31903.59
MinimumVisualStudioVersion = 10.0.40219.1
Project("{2150E333-8FDC-42A3-9474-1A3956D46DE8}") = "src", "src", "{827E0CD3-B72D-47B6-A68D-7590B98EB39B}"
EndProject
Project("{FAE04EC0-301F-11D3-BF4B-00C04F79EFBC}") = "LudoKing.Shared", "src\LudoKing.Shared\LudoKing.Shared.csproj", "{73127B69-D858-43A0-9976-577515869087}"
EndProject
Project("{FAE04EC0-301F-11D3-BF4B-00C04F79EFBC}") = "LudoKing.Interfaces", "src\LudoKing.Interfaces\LudoKing.Interfaces.csproj", "{C7E6059B-F7EF-48D1-965B-060EB501098E}"
EndProject
Project("{FAE04EC0-301F-11D3-BF4B-00C04F79EFBC}") = "LudoKing.Domain", "src\LudoKing.Domain\LudoKing.Domain.csproj", "{9DA12184-189C-485B-8891-E3F0D60BD249}"
EndProject
Project("{FAE04EC0-301F-11D3-BF4B-00C04F79EFBC}") = "LudoKing.Data", "src\LudoKing.Data\LudoKing.Data.csproj", "{BD52D864-93A9-42F4-AF4F-4A18B866D073}"
EndProject
Project("{FAE04EC0-301F-11D3-BF4B-00C04F79EFBC}") = "LudoKing.Infrastructure", "src\LudoKing.Infrastructure\LudoKing.Infrastructure.csproj", "{6A475159-E9F9-4BCE-BA14-838770B4CD39}"
EndProject
Project("{FAE04EC0-301F-11D3-BF4B-00C04F79EFBC}") = "LudoKing.API", "src\LudoKing.API\LudoKing.API.csproj", "{6A8A3A62-E503-44DD-8FE4-E646687F92F4}"
EndProject
Project("{FAE04EC0-301F-11D3-BF4B-00C04F79EFBC}") = "LudoKing.Domain.Tests", "tests\LudoKing.Domain.Tests\LudoKing.Domain.Tests.csproj", "{74AC9F3A-188A-485B-8AE9-93D5EEB29625}"
EndProject
Project("{FAE04EC0-301F-11D3-BF4B-00C04F79EFBC}") = "LudoKing.API.Tests", "tests\LudoKing.API.Tests\LudoKing.API.Tests.csproj", "{BA9CC23D-AE14-403B-ABE6-AE8696AD7126}"
EndProject
Global
	GlobalSection(SolutionConfigurationPlatforms) = preSolution
		Debug|Any CPU = Debug|Any CPU
		Debug|x64 = Debug|x64
		Debug|x86 = Debug|x86
		Release|Any CPU = Release|Any CPU
		Release|x64 = Release|x64
		Release|x86 = Release|x86
	EndGlobalSection
	GlobalSection(ProjectConfigurationPlatforms) = postSolution
		{73127B69-D858-43A0-9976-577515869087}.Debug|Any CPU.ActiveCfg = Debug|Any CPU
		{73127B69-D858-43A0-9976-577515869087}.Debug|Any CPU.Build.0 = Debug|Any CPU
		{73127B69-D858-43A0-9976-577515869087}.Debug|x64.ActiveCfg = Debug|Any CPU
		{73127B69-D858-43A0-9976-577515869087}.Debug|x64.Build.0 = Debug|Any CPU
		{73127B69-D858-43A0-9976-577515869087}.Debug|x86.ActiveCfg = Debug|Any CPU
		{73127B69-D858-43A0-9976-577515869087}.Debug|x86.Build.0 = Debug|Any CPU
		{73127B69-D858-43A0-9976-577515869087}.Release|Any CPU.ActiveCfg = Release|Any CPU
		{73127B69-D858-43A0-9976-577515869087}.Release|Any CPU.Build.0 = Release|Any CPU
		{73127B69-D858-43A0-9976-577515869087}.Release|x64.ActiveCfg = Release|Any CPU
		{73127B69-D858-43A0-9976-577515869087}.Release|x64.Build.0 = Release|Any CPU
		{73127B69-D858-43A0-9976-577515869087}.Release|x86.ActiveCfg = Release|Any CPU
		{73127B69-D858-43A0-9976-577515869087}.Release|x86.Build.0 = Release|Any CPU
		{C7E6059B-F7EF-48D1-965B-060EB501098E}.Debug|Any CPU.ActiveCfg = Debug|Any CPU
		{C7E6059B-F7EF-48D1-965B-060EB501098E}.Debug|Any CPU.Build.0 = Debug|Any CPU
		{C7E6059B-F7EF-48D1-965B-060EB501098E}.Debug|x64.ActiveCfg = Debug|Any CPU
		{C7E6059B-F7EF-48D1-965B-060EB501098E}.Debug|x64.Build.0 = Debug|Any CPU
		{C7E6059B-F7EF-48D1-965B-060EB501098E}.Debug|x86.ActiveCfg = Debug|Any CPU
		{C7E6059B-F7EF-48D1-965B-060EB501098E}.Debug|x86.Build.0 = Debug|Any CPU
		{C7E6059B-F7EF-48D1-965B-060EB501098E}.Release|Any CPU.ActiveCfg = Release|Any CPU
		{C7E6059B-F7EF-48D1-965B-060EB501098E}.Release|Any CPU.Build.0 = Release|Any CPU
		{C7E6059B-F7EF-48D1-965B-060EB501098E}.Release|x64.ActiveCfg = Release|Any CPU
		{C7E6059B-F7EF-48D1-965B-060EB501098E}.Release|x64.Build.0 = Release|Any CPU
		{C7E6059B-F7EF-48D1-965B-060EB501098E}.Release|x86.ActiveCfg = Release|Any CPU
		{C7E6059B-F7EF-48D1-965B-060EB501098E}.Release|x86.Build.0 = Release|Any CPU
		{9DA12184-189C-485B-8891-E3F0D60BD249}.Debug|Any CPU.ActiveCfg = Debug|Any CPU
		{9DA12184-189C-485B-8891-E3F0D60BD249}.Debug|Any CPU.Build.0 = Debug|Any CPU
		{9DA12184-189C-485B-8891-E3F0D60BD249}.Debug|x64.ActiveCfg = Debug|Any CPU
		{9DA12184-189C-485B-8891-E3F0D60BD249}.Debug|x64.Build.0 = Debug|Any CPU
		{9DA12184-189C-485B-8891-E3F0D60BD249}.Debug|x86.ActiveCfg = Debug|Any CPU
		{9DA12184-189C-485B-8891-E3F0D60BD249}.Debug|x86.Build.0 = Debug|Any CPU
		{9DA12184-189C-485B-8891-E3F0D60BD249}.Release|Any CPU.ActiveCfg = Release|Any CPU
		{9DA12184-189C-485B-8891-E3F0D60BD249}.Release|Any CPU.Build.0 = Release|Any CPU
		{9DA12184-189C-485B-8891-E3F0D60BD249}.Release|x64.ActiveCfg = Release|Any CPU
		{9DA12184-189C-485B-8891-E3F0D60BD249}.Release|x64.Build.0 = Release|Any CPU
		{9DA12184-189C-485B-8891-E3F0D60BD249}.Release|x86.ActiveCfg = Release|Any CPU
		{9DA12184-189C-485B-8891-E3F0D60BD249}.Release|x86.Build.0 = Release|Any CPU
		{BD52D864-93A9-42F4-AF4F-4A18B866D073}.Debug|Any CPU.ActiveCfg = Debug|Any CPU
		{BD52D864-93A9-42F4-AF4F-4A18B866D073}.Debug|Any CPU.Build.0 = Debug|Any CPU
		{BD52D864-93A9-42F4-AF4F-4A18B866D073}.Debug|x64.ActiveCfg = Debug|Any CPU
		{BD52D864-93A9-42F4-AF4F-4A18B866D073}.Debug|x64.Build.0 = Debug|Any CPU
		{BD52D864-93A9-42F4-AF4F-4A18B866D073}.Debug|x86.ActiveCfg = Debug|Any CPU
		{BD52D864-93A9-42F4-AF4F-4A18B866D073}.Debug|x86.Build.0 = Debug|Any CPU
		{BD52D864-93A9-42F4-AF4F-4A18B866D073}.Release|Any CPU.ActiveCfg = Release|Any CPU
		{BD52D864-93A9-42F4-AF4F-4A18B866D073}.Release|Any CPU.Build.0 = Release|Any CPU
		{BD52D864-93A9-42F4-AF4F-4A18B866D073}.Release|x64.ActiveCfg = Release|Any CPU
		{BD52D864-93A9-42F4-AF4F-4A18B866D073}.Release|x64.Build.0 = Release|Any CPU
		{BD52D864-93A9-42F4-AF4F-4A18B866D073}.Release|x86.ActiveCfg = Release|Any CPU
		{BD52D864-93A9-42F4-AF4F-4A18B866D073}.Release|x86.Build.0 = Release|Any CPU
		{6A475159-E9F9-4BCE-BA14-838770B4CD39}.Debug|Any CPU.ActiveCfg = Debug|Any CPU
		{6A475159-E9F9-4BCE-BA14-838770B4CD39}.Debug|Any CPU.Build.0 = Debug|Any CPU
		{6A475159-E9F9-4BCE-BA14-838770B4CD39}.Debug|x64.ActiveCfg = Debug|Any CPU
		{6A475159-E9F9-4BCE-BA14-838770B4CD39}.Debug|x64.Build.0 = Debug|Any CPU
		{6A475159-E9F9-4BCE-BA14-838770B4CD39}.Debug|x86.ActiveCfg = Debug|Any CPU
		{6A475159-E9F9-4BCE-BA14-838770B4CD39}.Debug|x86.Build.0 = Debug|Any CPU
		{6A475159-E9F9-4BCE-BA14-838770B4CD39}.Release|Any CPU.ActiveCfg = Release|Any CPU
		{6A475159-E9F9-4BCE-BA14-838770B4CD39}.Release|Any CPU.Build.0 = Release|Any CPU
		{6A475159-E9F9-4BCE-BA14-838770B4CD39}.Release|x64.ActiveCfg = Release|Any CPU
		{6A475159-E9F9-4BCE-BA14-838770B4CD39}.Release|x64.Build.0 = Release|Any CPU
		{6A475159-E9F9-4BCE-BA14-838770B4CD39}.Release|x86.ActiveCfg = Release|Any CPU
		{6A475159-E9F9-4BCE-BA14-838770B4CD39}.Release|x86.Build.0 = Release|Any CPU
		{6A8A3A62-E503-44DD-8FE4-E646687F92F4}.Debug|Any CPU.ActiveCfg = Debug|Any CPU
		{6A8A3A62-E503-44DD-8FE4-E646687F92F4}.Debug|Any CPU.Build.0 = Debug|Any CPU
		{6A8A3A62-E503-44DD-8FE4-E646687F92F4}.Debug|x64.ActiveCfg = Debug|Any CPU
		{6A8A3A62-E503-44DD-8FE4-E646687F92F4}.Debug|x64.Build.0 = Debug|Any CPU
		{6A8A3A62-E503-44DD-8FE4-E646687F92F4}.Debug|x86.ActiveCfg = Debug|Any CPU
		{6A8A3A62-E503-44DD-8FE4-E646687F92F4}.Debug|x86.Build.0 = Debug|Any CPU
		{6A8A3A62-E503-44DD-8FE4-E646687F92F4}.Release|Any CPU.ActiveCfg = Release|Any CPU
		{6A8A3A62-E503-44DD-8FE4-E646687F92F4}.Release|Any CPU.Build.0 = Release|Any CPU
		{6A8A3A62-E503-44DD-8FE4-E646687F92F4}.Release|x64.ActiveCfg = Release|Any CPU
		{6A8A3A62-E503-44DD-8FE4-E646687F92F4}.Release|x64.Build.0 = Release|Any CPU
		{6A8A3A62-E503-44DD-8FE4-E646687F92F4}.Release|x86.ActiveCfg = Release|Any CPU
		{6A8A3A62-E503-44DD-8FE4-E646687F92F4}.Release|x86.Build.0 = Release|Any CPU
		{74AC9F3A-188A-485B-8AE9-93D5EEB29625}.Debug|Any CPU.ActiveCfg = Debug|Any CPU
		{74AC9F3A-188A-485B-8AE9-93D5EEB29625}.Debug|Any CPU.Build.0 = Debug|Any CPU
		{74AC9F3A-188A-485B-8AE9-93D5EEB29625}.Debug|x64.ActiveCfg = Debug|Any CPU
		{74AC9F3A-188A-485B-8AE9-93D5EEB29625}.Debug|x64.Build.0 = Debug|Any CPU
		{74AC9F3A-188A-485B-8AE9-93D5EEB29625}.Debug|x86.ActiveCfg = Debug|Any CPU
		{74AC9F3A-188A-485B-8AE9-93D5EEB29625}.Debug|x86.Build.0 = Debug|Any CPU
		{74AC9F3A-188A-485B-8AE9-93D5EEB29625}.Release|Any CPU.ActiveCfg = Release|Any CPU
		{74AC9F3A-188A-485B-8AE9-93D5EEB29625}.Release|Any CPU.Build.0 = Release|Any CPU
		{74AC9F3A-188A-485B-8AE9-93D5EEB29625}.Release|x64.ActiveCfg = Release|Any CPU
		{74AC9F3A-188A-485B-8AE9-93D5EEB29625}.Release|x64.Build.0 = Release|Any CPU
		{74AC9F3A-188A-485B-8AE9-93D5EEB29625}.Release|x86.ActiveCfg = Release|Any CPU
		{74AC9F3A-188A-485B-8AE9-93D5EEB29625}.Release|x86.Build.0 = Release|Any CPU
		{BA9CC23D-AE14-403B-ABE6-AE8696AD7126}.Debug|Any CPU.ActiveCfg = Debug|Any CPU
		{BA9CC23D-AE14-403B-ABE6-AE8696AD7126}.Debug|Any CPU.Build.0 = Debug|Any CPU
		{BA9CC23D-AE14-403B-ABE6-AE8696AD7126}.Debug|x64.ActiveCfg = Debug|Any CPU
		{BA9CC23D-AE14-403B-ABE6-AE8696AD7126}.Debug|x64.Build.0 = Debug|Any CPU
		{BA9CC23D-AE14-403B-ABE6-AE8696AD7126}.Debug|x86.ActiveCfg = Debug|Any CPU
		{BA9CC23D-AE14-403B-ABE6-AE8696AD7126}.Debug|x86.Build.0 = Debug|Any CPU
		{BA9CC23D-AE14-403B-ABE6-AE8696AD7126}.Release|Any CPU.ActiveCfg = Release|Any CPU
		{BA9CC23D-AE14-403B-ABE6-AE8696AD7126}.Release|Any CPU.Build.0 = Release|Any CPU
		{BA9CC23D-AE14-403B-ABE6-AE8696AD7126}.Release|x64.ActiveCfg = Release|Any CPU
		{BA9CC23D-AE14-403B-ABE6-AE8696AD7126}.Release|x64.Build.0 = Release|Any CPU
		{BA9CC23D-AE14-403B-ABE6-AE8696AD7126}.Release|x86.ActiveCfg = Release|Any CPU
		{BA9CC23D-AE14-403B-ABE6-AE8696AD7126}.Release|x86.Build.0 = Release|Any CPU
	EndGlobalSection
	GlobalSection(SolutionProperties) = preSolution
		HideSolutionNode = FALSE
	EndGlobalSection
	GlobalSection(NestedProjects) = preSolution
		{73127B69-D858-43A0-9976-577515869087} = {827E0CD3-B72D-47B6-A68D-7590B98EB39B}
		{C7E6059B-F7EF-48D1-965B-060EB501098E} = {827E0CD3-B72D-47B6-A68D-7590B98EB39B}
		{9DA12184-189C-485B-8891-E3F0D60BD249} = {827E0CD3-B72D-47B6-A68D-7590B98EB39B}
		{BD52D864-93A9-42F4-AF4F-4A18B866D073} = {827E0CD3-B72D-47B6-A68D-7590B98EB39B}
		{6A475159-E9F9-4BCE-BA14-838770B4CD39} = {827E0CD3-B72D-47B6-A68D-7590B98EB39B}
		{6A8A3A62-E503-44DD-8FE4-E646687F92F4} = {827E0CD3-B72D-47B6-A68D-7590B98EB39B}
		{74AC9F3A-188A-485B-8AE9-93D5EEB29625} = {827E0CD3-B72D-47B6-A68D-7590B98EB39B}
		{BA9CC23D-AE14-403B-ABE6-AE8696AD7126} = {827E0CD3-B72D-47B6-A68D-7590B98EB39B}
	EndGlobalSection
EndGlobal
